
Microsoft Visual Studio Solution File, Format Version 11.00
# Visual Studio 2010
Project("{FAE04EC0-301F-11D3-BF4B-00C04F79EFBC}") = "TemperatureConverter3", "TemperatureConverter3\TemperatureConverter3.csproj", "{D47BA30C-A14E-4761-98C6-40BA6DA8C118}"
EndProject
Global
	GlobalSection(SolutionConfigurationPlatforms) = preSolution
		Debug|x86 = Debug|x86
		Release|x86 = Release|x86
	EndGlobalSection
	GlobalSection(ProjectConfigurationPlatforms) = postSolution
		{D47BA30C-A14E-4761-98C6-40BA6DA8C118}.Debug|x86.ActiveCfg = Debug|x86
		{D47BA30C-A14E-4761-98C6-40BA6DA8C118}.Debug|x86.Build.0 = Debug|x86
		{D47BA30C-A14E-4761-98C6-40BA6DA8C118}.Release|x86.ActiveCfg = Release|x86
		{D47BA30C-A14E-4761-98C6-40BA6DA8C118}.Release|x86.Build.0 = Release|x86
	EndGlobalSection
	GlobalSection(SolutionProperties) = preSolution
		HideSolutionNode = FALSE
	EndGlobalSection
EndGlobal
